<?xml version="1.0" encoding="utf-8"?>
<Project ToolsVersion="4.0" xmlns="http://schemas.microsoft.com/developer/msbuild/2003">
  <ItemGroup>
    <Filter Include="Translation Files">
      <UniqueIdentifier>{639EADAA-A684-42e4-A9AD-28FC9BCB8F7C}</UniqueIdentifier>
      <Extensions>ts</Extensions>
    </Filter>
    <Filter Include="Sources">
      <UniqueIdentifier>{4FC737F1-C7A5-4376-A066-2A32D752A2FF}</UniqueIdentifier>
      <Extensions>qml;cpp;c;cc;cxx;def;odl;idl;hpj;bat;asm;asmx</Extensions>
    </Filter>
    <Filter Include="Headers">
      <UniqueIdentifier>{93995380-89BD-4b04-88EB-625FBE52EBFB}</UniqueIdentifier>
      <Extensions>h;hh;hpp;hxx;hm;inl;inc;xsd</Extensions>
    </Filter>
    <Filter Include="Forms">
      <UniqueIdentifier>{99349809-55BA-4b9d-BF79-8FDBB0286EB3}</UniqueIdentifier>
      <Extensions>ui</Extensions>
    </Filter>
  </ItemGroup>
  <ItemGroup>
    <ClCompile Include="Sources\FileInfo.cpp">
      <Filter>Sources</Filter>
    </ClCompile>
    <ClCompile Include="Sources\main.cpp">
      <Filter>Sources</Filter>
    </ClCompile>
    <ClCompile Include="Sources\FBXViewer.cpp">
      <Filter>Sources</Filter>
    </ClCompile>
    <ClCompile Include="Sources\NodeInfo.cpp">
      <Filter>Sources</Filter>
    </ClCompile>
    <ClCompile Include="Sources\FBX_Common.cpp">
      <Filter>Sources</Filter>
    </ClCompile>
    <ClCompile Include="Sources\Waiting.cpp">
      <Filter>Sources</Filter>
    </ClCompile>
    <ClCompile Include="Sources\FBX_EnumTransformation.cpp">
      <Filter>Sources</Filter>
    </ClCompile>
    <ClCompile Include="Sources\Fbx_Extraction.cpp">
      <Filter>Sources</Filter>
    </ClCompile>
  </ItemGroup>
  <ItemGroup>
    <QtUic Include="Forms\FileInfo.ui">
      <Filter>Forms</Filter>
    </QtUic>
    <QtUic Include="Forms\FBXViewer.ui">
      <Filter>Forms</Filter>
    </QtUic>
    <QtUic Include="Forms\NodeInfo.ui">
      <Filter>Forms</Filter>
    </QtUic>
    <QtUic Include="Forms\Waiting.ui">
      <Filter>Forms</Filter>
    </QtUic>
  </ItemGroup>
  <ItemGroup>
    <QtMoc Include="Headers\FileInfo.h">
      <Filter>Headers</Filter>
    </QtMoc>
    <QtMoc Include="Headers\FBXViewer.h">
      <Filter>Headers</Filter>
    </QtMoc>
    <QtMoc Include="Headers\NodeInfo.h">
      <Filter>Headers</Filter>
    </QtMoc>
    <QtMoc Include="Headers\Waiting.h">
      <Filter>Headers</Filter>
    </QtMoc>
  </ItemGroup>
  <ItemGroup>
    <None Include=".gitignore" />
    <None Include="README.md" />
  </ItemGroup>
  <ItemGroup>
    <QtRcc Include="FBXViewer.qrc" />
  </ItemGroup>
  <ItemGroup>
    <ClInclude Include="Headers\FBX_Common.h">
      <Filter>Headers</Filter>
    </ClInclude>
    <ClInclude Include="Headers\FBX_EnumTransformation.h">
      <Filter>Headers</Filter>
    </ClInclude>
    <ClInclude Include="Headers\Fbx_Extraction.h">
      <Filter>Headers</Filter>
    </ClInclude>
  </ItemGroup>
</Project>