<?xml version="1.0" encoding="utf-8"?>
<Project ToolsVersion="4.0" xmlns="http://schemas.microsoft.com/developer/msbuild/2003">
  <ItemGroup>
    <None Include=".gitignore" />
    <None Include="README.md" />
  </ItemGroup>
  <ItemGroup>
    <QtRcc Include="FBXViewer.qrc" />
  </ItemGroup>
  <ItemGroup>
    <Filter Include="MainWindow">
      <UniqueIdentifier>{e71c1b6b-3344-4d4c-97d9-1c7dba939202}</UniqueIdentifier>
    </Filter>
    <Filter Include="WaitingWidget">
      <UniqueIdentifier>{b4475b05-2af5-4aef-953a-27d426468327}</UniqueIdentifier>
    </Filter>
    <Filter Include="Tools">
      <UniqueIdentifier>{839a05d7-f6ef-4efa-a3fb-079cf632e8a5}</UniqueIdentifier>
    </Filter>
  </ItemGroup>
  <ItemGroup>
    <ClCompile Include="MainWindow\MainWindow.cpp">
      <Filter>MainWindow</Filter>
    </ClCompile>
    <ClCompile Include="main.cpp" />
    <ClCompile Include="WaitingWidget\WaitingWidget.cpp">
      <Filter>WaitingWidget</Filter>
    </ClCompile>
    <ClCompile Include="Tools\FBX_Base.cpp">
      <Filter>Tools</Filter>
    </ClCompile>
    <ClCompile Include="Tools\FBX_EnumTransformation.cpp">
      <Filter>Tools</Filter>
    </ClCompile>
    <ClCompile Include="Tools\FBX_Extraction.cpp">
      <Filter>Tools</Filter>
    </ClCompile>
  </ItemGroup>
  <ItemGroup>
    <QtMoc Include="MainWindow\MainWindow.h">
      <Filter>MainWindow</Filter>
    </QtMoc>
    <QtMoc Include="WaitingWidget\WaitingWidget.h">
      <Filter>WaitingWidget</Filter>
    </QtMoc>
  </ItemGroup>
  <ItemGroup>
    <QtUic Include="MainWindow\MainWindow.ui">
      <Filter>MainWindow</Filter>
    </QtUic>
    <QtUic Include="WaitingWidget\WaitingWidget.ui">
      <Filter>WaitingWidget</Filter>
    </QtUic>
  </ItemGroup>
  <ItemGroup>
    <Image Include="WaitingWidget\Waiting.gif">
      <Filter>WaitingWidget</Filter>
    </Image>
  </ItemGroup>
  <ItemGroup>
    <ClInclude Include="Tools\FBX_Base.h">
      <Filter>Tools</Filter>
    </ClInclude>
    <ClInclude Include="Tools\FBX_EnumTransformation.h">
      <Filter>Tools</Filter>
    </ClInclude>
    <ClInclude Include="Tools\FBX_Extraction.h">
      <Filter>Tools</Filter>
    </ClInclude>
  </ItemGroup>
</Project>